
Microsoft Visual Studio Solution File, Format Version 12.00
# Visual Studio Version 17
VisualStudioVersion = 17.9.34723.18
MinimumVisualStudioVersion = 10.0.40219.1
Project("{FAE04EC0-301F-11D3-BF4B-00C04F79EFBC}") = "Grimoire.Lambda", "Grimoire.Lambda\src\Grimoire.Lambda\Grimoire.Lambda.csproj", "{5A40763C-D17C-4E4E-9B1C-2084201B6232}"
EndProject
Global
	GlobalSection(SolutionConfigurationPlatforms) = preSolution
		Debug|Any CPU = Debug|Any CPU
		Release|Any CPU = Release|Any CPU
	EndGlobalSection
	GlobalSection(ProjectConfigurationPlatforms) = postSolution
		{5A40763C-D17C-4E4E-9B1C-2084201B6232}.Debug|Any CPU.ActiveCfg = Debug|Any CPU
		{5A40763C-D17C-4E4E-9B1C-2084201B6232}.Debug|Any CPU.Build.0 = Debug|Any CPU
		{5A40763C-D17C-4E4E-9B1C-2084201B6232}.Release|Any CPU.ActiveCfg = Release|Any CPU
		{5A40763C-D17C-4E4E-9B1C-2084201B6232}.Release|Any CPU.Build.0 = Release|Any CPU
	EndGlobalSection
	GlobalSection(SolutionProperties) = preSolution
		HideSolutionNode = FALSE
	EndGlobalSection
	GlobalSection(ExtensibilityGlobals) = postSolution
		SolutionGuid = {63AFAA3A-8050-46BD-A33F-8DC6EB00A0DB}
	EndGlobalSection
EndGlobal
